
Microsoft Visual Studio Solution File, Format Version 12.00
# Visual Studio Version 17
VisualStudioVersion = 17.10.35013.160
MinimumVisualStudioVersion = 10.0.40219.1
Project("{FAE04EC0-301F-11D3-BF4B-00C04F79EFBC}") = "TP03_Douglas_Lucas", "TP03_Douglas_Lucas\TP03_Douglas_Lucas.csproj", "{66E902F6-BE49-4C1F-B402-B86747E0B104}"
EndProject
Global
	GlobalSection(SolutionConfigurationPlatforms) = preSolution
		Debug|Any CPU = Debug|Any CPU
		Release|Any CPU = Release|Any CPU
	EndGlobalSection
	GlobalSection(ProjectConfigurationPlatforms) = postSolution
		{66E902F6-BE49-4C1F-B402-B86747E0B104}.Debug|Any CPU.ActiveCfg = Debug|Any CPU
		{66E902F6-BE49-4C1F-B402-B86747E0B104}.Debug|Any CPU.Build.0 = Debug|Any CPU
		{66E902F6-BE49-4C1F-B402-B86747E0B104}.Release|Any CPU.ActiveCfg = Release|Any CPU
		{66E902F6-BE49-4C1F-B402-B86747E0B104}.Release|Any CPU.Build.0 = Release|Any CPU
	EndGlobalSection
	GlobalSection(SolutionProperties) = preSolution
		HideSolutionNode = FALSE
	EndGlobalSection
	GlobalSection(ExtensibilityGlobals) = postSolution
		SolutionGuid = {6A9CE940-7C67-48BA-B736-065DAA0B70CB}
	EndGlobalSection
EndGlobal
